lockfileVersion: '9.0'

settings:
  autoInstallPeers: true
  excludeLinksFromLockfile: false

importers:

  .:
    dependencies:
      '@yudiel/react-qr-scanner':
        specifier: ^2.6.0
        version: 2.6.0(@types/emscripten@1.41.5)(react-dom@19.2.7(react@19.2.7))(react@19.2.7)

packages:

  '@types/emscripten@1.41.5':
    resolution: {integrity: sha512-cMQm7pxu6BxtHyqJ7mQZ2kXWV5SLmugybFdHCBbJ5eHzOo6VhBckEgAT3//rP5FwPHNPeEiq4SmQ5ucBwsOo4Q==}

  '@yudiel/react-qr-scanner@2.6.0':
    resolution: {integrity: sha512-WjNcSt7qquYUz1LVbwKzSnRQI47sNrh4Vh6nNiGKVxnYcP+KgN5q9rcSzXyZ/7GRV9PPrnzoIuE5YdOxB9yAog==}
    engines: {node: '>=18.0.0'}
    peerDependencies:
      react: ^17 || ^18 || ^19
      react-dom: ^17 || ^18 || ^19

  barcode-detector@3.2.1:
    resolution: {integrity: sha512-zLL7AbT9uNJBUzYpKg9v5tUA4yQGReExSi60q0g660Mj0wjUhKmN0GrUF3qELo8ITW9THzyJXdZQkXLMnsieiw==}

  react-dom@19.2.7:
    resolution: {integrity: sha512-t0BRVXvbiE/o20Hfw669rLbMCDWtYZLvmJigy2f0MxsXF+71pxhR3xOkspmsO8h3ZlNzyibAmtCa3l4lYKk6gQ==}
    peerDependencies:
      react: ^19.2.7

  react@19.2.7:
    resolution: {integrity: sha512-HNe9WslTbXmFK8o8cmwgAeJFSBvt1bPdHCVKtaaV+WlAN36mpT4hcRpwbf3fY56ar2oIXzsBpOAiIRHAdY0OlQ==}
    engines: {node: '>=0.10.0'}

  scheduler@0.27.0:
    resolution: {integrity: sha512-eNv+WrVbKu1f3vbYJT/xtiF5syA5HPIMtf9IgY/nKg0sWqzAUEvqY/xm7OcZc/qafLx/iO9FgOmeSAp4v5ti/Q==}

  sdp@3.2.2:
    resolution: {integrity: sha512-xZocWwfyp4hkbN4hLWxMjmv2Q8aNa9MhmOZ7L9aCZPT+dZsgRr6wZRrSYE3HTdyk/2pZKPSgqI7ns7Een1xMSA==}

  tagged-tag@1.0.0:
    resolution: {integrity: sha512-yEFYrVhod+hdNyx7g5Bnkkb0G6si8HJurOoOEgC8B/O0uXLHlaey/65KRv6cuWBNhBgHKAROVpc7QyYqE5gFng==}
    engines: {node: '>=20'}

  type-fest@5.8.0:
    resolution: {integrity: sha512-YGYEVz3Fm5iy/AybuA0oyNFq7H4CgQNfRp/qfe8nurE1kuCeNm3/vfm9X4Mtl+qLyaKJUh5xrFZwogr41SMjYA==}
    engines: {node: '>=20'}

  webrtc-adapter@9.0.6:
    resolution: {integrity: sha512-CHbl2ZQbxx164IgWRgzJno4hWtM4tFbRam1QfI3Yxhs3w/DvqluVxVWeXs3oL5/fbGkSNLKo0Ty5MgUWceNhog==}
    engines: {node: '>=6.0.0', npm: '>=3.10.0'}

  zxing-wasm@3.1.1:
    resolution: {integrity: sha512-g0sPJBIubO6zLcJh1jftLPIN6xziaqLsvLgtpGKwDrEhyXXqla3E3yjFrznlr78UHIOMzbJPi0HDWKs/KgaB7A==}
    peerDependencies:
      '@types/emscripten': '>=1.39.6'

snapshots:

  '@types/emscripten@1.41.5': {}

  '@yudiel/react-qr-scanner@2.6.0(@types/emscripten@1.41.5)(react-dom@19.2.7(react@19.2.7))(react@19.2.7)':
    dependencies:
      barcode-detector: 3.2.1(@types/emscripten@1.41.5)
      react: 19.2.7
      react-dom: 19.2.7(react@19.2.7)
      webrtc-adapter: 9.0.6
    transitivePeerDependencies:
      - '@types/emscripten'

  barcode-detector@3.2.1(@types/emscripten@1.41.5):
    dependencies:
      zxing-wasm: 3.1.1(@types/emscripten@1.41.5)
    transitivePeerDependencies:
      - '@types/emscripten'

  react-dom@19.2.7(react@19.2.7):
    dependencies:
      react: 19.2.7
      scheduler: 0.27.0

  react@19.2.7: {}

  scheduler@0.27.0: {}

  sdp@3.2.2: {}

  tagged-tag@1.0.0: {}

  type-fest@5.8.0:
    dependencies:
      tagged-tag: 1.0.0

  webrtc-adapter@9.0.6:
    dependencies:
      sdp: 3.2.2

  zxing-wasm@3.1.1(@types/emscripten@1.41.5):
    dependencies:
      '@types/emscripten': 1.41.5
      type-fest: 5.8.0
